// !$*UTF8*$!
{
	archiveVersion = 1;
	classes = {
	};
	objectVersion = 50;
	objects = {

/* Begin PBXBuildFile section */
		7AEBB1002432B638006C6E2D /* AppDelegate.swift in Sources */ = {isa = PBXBuildFile; fileRef = 7AEBB0FF2432B638006C6E2D /* AppDelegate.swift */; };
		7AEBB1022432B638006C6E2D /* SceneDelegate.swift in Sources */ = {isa = PBXBuildFile; fileRef = 7AEBB1012432B638006C6E2D /* SceneDelegate.swift */; };
		7AEBB1072432B638006C6E2D /* Main.storyboard in Resources */ = {isa = PBXBuildFile; fileRef = 7AEBB1052432B638006C6E2D /* Main.storyboard */; };
		7AEBB1092432B63F006C6E2D /* Assets.xcassets in Resources */ = {isa = PBXBuildFile; fileRef = 7AEBB1082432B63F006C6E2D /* Assets.xcassets */; };
		7AEBB10C2432B63F006C6E2D /* LaunchScreen.storyboard in Resources */ = {isa = PBXBuildFile; fileRef = 7AEBB10A2432B63F006C6E2D /* LaunchScreen.storyboard */; };
		7AEBB1172432B640006C6E2D /* WeatherAppTests.swift in Sources */ = {isa = PBXBuildFile; fileRef = 7AEBB1162432B640006C6E2D /* WeatherAppTests.swift */; };
		7AEBB1222432B640006C6E2D /* WeatherAppUITests.swift in Sources */ = {isa = PBXBuildFile; fileRef = 7AEBB1212432B640006C6E2D /* WeatherAppUITests.swift */; };
		7AEBB1332432B77D006C6E2D /* WeatherManager.swift in Sources */ = {isa = PBXBuildFile; fileRef = 7AEBB1322432B77D006C6E2D /* WeatherManager.swift */; };
		7AEBB1352432B791006C6E2D /* WeatherData.swift in Sources */ = {isa = PBXBuildFile; fileRef = 7AEBB1342432B791006C6E2D /* WeatherData.swift */; };
		7AEBB1372432B79F006C6E2D /* WeatherModel.swift in Sources */ = {isa = PBXBuildFile; fileRef = 7AEBB1362432B79F006C6E2D /* WeatherModel.swift */; };
		7AEBB1392432B867006C6E2D /* WeatherViewController.swift in Sources */ = {isa = PBXBuildFile; fileRef = 7AEBB1382432B867006C6E2D /* WeatherViewController.swift */; };
/* End PBXBuildFile section */

/* Begin PBXContainerItemProxy section */
		7AEBB1132432B640006C6E2D /* PBXContainerItemProxy */ = {
			isa = PBXContainerItemProxy;
			containerPortal = 7AEBB0F42432B637006C6E2D /* Project object */;
			proxyType = 1;
			remoteGlobalIDString = 7AEBB0FB2432B638006C6E2D;
			remoteInfo = WeatherApp;
		};
		7AEBB11E2432B640006C6E2D /* PBXContainerItemProxy */ = {
			isa = PBXContainerItemProxy;
			containerPortal = 7AEBB0F42432B637006C6E2D /* Project object */;
			proxyType = 1;
			remoteGlobalIDString = 7AEBB0FB2432B638006C6E2D;
			remoteInfo = WeatherApp;
		};
/* End PBXContainerItemProxy section */

/* Begin PBXFileReference section */
		7AEBB0FC2432B638006C6E2D /* Weathrly.app */ = {isa = PBXFileReference; explicitFileType = wrapper.application; includeInIndex = 0; path = Weathrly.app; sourceTree = BUILT_PRODUCTS_DIR; };
		7AEBB0FF2432B638006C6E2D /* AppDelegate.swift */ = {isa = PBXFileReference; lastKnownFileType = sourcecode.swift; path = AppDelegate.swift; sourceTree = "<group>"; };
		7AEBB1012432B638006C6E2D /* SceneDelegate.swift */ = {isa = PBXFileReference; lastKnownFileType = sourcecode.swift; path = SceneDelegate.swift; sourceTree = "<group>"; };
		7AEBB1062432B638006C6E2D /* Base */ = {isa = PBXFileReference; lastKnownFileType = file.storyboard; name = Base; path = Base.lproj/Main.storyboard; sourceTree = "<group>"; };
		7AEBB1082432B63F006C6E2D /* Assets.xcassets */ = {isa = PBXFileReference; lastKnownFileType = folder.assetcatalog; path = Assets.xcassets; sourceTree = "<group>"; };
		7AEBB10B2432B63F006C6E2D /* Base */ = {isa = PBXFileReference; lastKnownFileType = file.storyboard; name = Base; path = Base.lproj/LaunchScreen.storyboard; sourceTree = "<group>"; };
		7AEBB10D2432B63F006C6E2D /* Info.plist */ = {isa = PBXFileReference; lastKnownFileType = text.plist.xml; path = Info.plist; sourceTree = "<group>"; };
		7AEBB1122432B640006C6E2D /* WeatherAppTests.xctest */ = {isa = PBXFileReference; explicitFileType = wrapper.cfbundle; includeInIndex = 0; path = WeatherAppTests.xctest; sourceTree = BUILT_PRODUCTS_DIR; };
		7AEBB1162432B640006C6E2D /* WeatherAppTests.swift */ = {isa = PBXFileReference; lastKnownFileType = sourcecode.swift; path = WeatherAppTests.swift; sourceTree = "<group>"; };
		7AEBB1182432B640006C6E2D /* Info.plist */ = {isa = PBXFileReference; lastKnownFileType = text.plist.xml; path = Info.plist; sourceTree = "<group>"; };
		7AEBB11D2432B640006C6E2D /* WeatherAppUITests.xctest */ = {isa = PBXFileReference; explicitFileType = wrapper.cfbundle; includeInIndex = 0; path = WeatherAppUITests.xctest; sourceTree = BUILT_PRODUCTS_DIR; };
		7AEBB1212432B640006C6E2D /* WeatherAppUITests.swift */ = {isa = PBXFileReference; lastKnownFileType = sourcecode.swift; path = WeatherAppUITests.swift; sourceTree = "<group>"; };
		7AEBB1232432B640006C6E2D /* Info.plist */ = {isa = PBXFileReference; lastKnownFileType = text.plist.xml; path = Info.plist; sourceTree = "<group>"; };
		7AEBB1322432B77D006C6E2D /* WeatherManager.swift */ = {isa = PBXFileReference; lastKnownFileType = sourcecode.swift; path = WeatherManager.swift; sourceTree = "<group>"; };
		7AEBB1342432B791006C6E2D /* WeatherData.swift */ = {isa = PBXFileReference; lastKnownFileType = sourcecode.swift; path = WeatherData.swift; sourceTree = "<group>"; };
		7AEBB1362432B79F006C6E2D /* WeatherModel.swift */ = {isa = PBXFileReference; lastKnownFileType = sourcecode.swift; path = WeatherModel.swift; sourceTree = "<group>"; };
		7AEBB1382432B867006C6E2D /* WeatherViewController.swift */ = {isa = PBXFileReference; lastKnownFileType = sourcecode.swift; path = WeatherViewController.swift; sourceTree = "<group>"; };
/* End PBXFileReference section */

/* Begin PBXFrameworksBuildPhase section */
		7AEBB0F92432B638006C6E2D /* Frameworks */ = {
			isa = PBXFrameworksBuildPhase;
			buildActionMask = 2147483647;
			files = (
			);
			runOnlyForDeploymentPostprocessing = 0;
		};
		7AEBB10F2432B640006C6E2D /* Frameworks */ = {
			isa = PBXFrameworksBuildPhase;
			buildActionMask = 2147483647;
			files = (
			);
			runOnlyForDeploymentPostprocessing = 0;
		};
		7AEBB11A2432B640006C6E2D /* Frameworks */ = {
			isa = PBXFrameworksBuildPhase;
			buildActionMask = 2147483647;
			files = (
			);
			runOnlyForDeploymentPostprocessing = 0;
		};
/* End PBXFrameworksBuildPhase section */

/* Begin PBXGroup section */
		7AEBB0F32432B637006C6E2D = {
			isa = PBXGroup;
			children = (
				7AEBB0FE2432B638006C6E2D /* WeatherApp */,
				7AEBB1152432B640006C6E2D /* WeatherAppTests */,
				7AEBB1202432B640006C6E2D /* WeatherAppUITests */,
				7AEBB0FD2432B638006C6E2D /* Products */,
			);
			sourceTree = "<group>";
		};
		7AEBB0FD2432B638006C6E2D /* Products */ = {
			isa = PBXGroup;
			children = (
				7AEBB0FC2432B638006C6E2D /* Weathrly.app */,
				7AEBB1122432B640006C6E2D /* WeatherAppTests.xctest */,
				7AEBB11D2432B640006C6E2D /* WeatherAppUITests.xctest */,
			);
			name = Products;
			sourceTree = "<group>";
		};
		7AEBB0FE2432B638006C6E2D /* WeatherApp */ = {
			isa = PBXGroup;
			children = (
				7AEBB0FF2432B638006C6E2D /* AppDelegate.swift */,
				7AEBB1012432B638006C6E2D /* SceneDelegate.swift */,
				7AEBB12F2432B717006C6E2D /* Model */,
				7AEBB1302432B71E006C6E2D /* View */,
				7AEBB1312432B724006C6E2D /* Controller */,
				7AEBB1082432B63F006C6E2D /* Assets.xcassets */,
				7AEBB10A2432B63F006C6E2D /* LaunchScreen.storyboard */,
				7AEBB10D2432B63F006C6E2D /* Info.plist */,
			);
			path = WeatherApp;
			sourceTree = "<group>";
		};
		7AEBB1152432B640006C6E2D /* WeatherAppTests */ = {
			isa = PBXGroup;
			children = (
				7AEBB1162432B640006C6E2D /* WeatherAppTests.swift */,
				7AEBB1182432B640006C6E2D /* Info.plist */,
			);
			path = WeatherAppTests;
			sourceTree = "<group>";
		};
		7AEBB1202432B640006C6E2D /* WeatherAppUITests */ = {
			isa = PBXGroup;
			children = (
				7AEBB1212432B640006C6E2D /* WeatherAppUITests.swift */,
				7AEBB1232432B640006C6E2D /* Info.plist */,
			);
			path = WeatherAppUITests;
			sourceTree = "<group>";
		};
		7AEBB12F2432B717006C6E2D /* Model */ = {
			isa = PBXGroup;
			children = (
				7AEBB1322432B77D006C6E2D /* WeatherManager.swift */,
				7AEBB1342432B791006C6E2D /* WeatherData.swift */,
				7AEBB1362432B79F006C6E2D /* WeatherModel.swift */,
			);
			path = Model;
			sourceTree = "<group>";
		};
		7AEBB1302432B71E006C6E2D /* View */ = {
			isa = PBXGroup;
			children = (
				7AEBB1052432B638006C6E2D /* Main.storyboard */,
			);
			path = View;
			sourceTree = "<group>";
		};
		7AEBB1312432B724006C6E2D /* Controller */ = {
			isa = PBXGroup;
			children = (
				7AEBB1382432B867006C6E2D /* WeatherViewController.swift */,
			);
			path = Controller;
			sourceTree = "<group>";
		};
/* End PBXGroup section */

/* Begin PBXNativeTarget section */
		7AEBB0FB2432B638006C6E2D /* WeatherApp */ = {
			isa = PBXNativeTarget;
			buildConfigurationList = 7AEBB1262432B640006C6E2D /* Build configuration list for PBXNativeTarget "WeatherApp" */;
			buildPhases = (
				7AEBB0F82432B638006C6E2D /* Sources */,
				7AEBB0F92432B638006C6E2D /* Frameworks */,
				7AEBB0FA2432B638006C6E2D /* Resources */,
			);
			buildRules = (
			);
			dependencies = (
			);
			name = WeatherApp;
			productName = WeatherApp;
			productReference = 7AEBB0FC2432B638006C6E2D /* Weathrly.app */;
			productType = "com.apple.product-type.application";
		};
		7AEBB1112432B640006C6E2D /* WeatherAppTests */ = {
			isa = PBXNativeTarget;
			buildConfigurationList = 7AEBB1292432B640006C6E2D /* Build configuration list for PBXNativeTarget "WeatherAppTests" */;
			buildPhases = (
				7AEBB10E2432B640006C6E2D /* Sources */,
				7AEBB10F2432B640006C6E2D /* Frameworks */,
				7AEBB1102432B640006C6E2D /* Resources */,
			);
			buildRules = (
			);
			dependencies = (
				7AEBB1142432B640006C6E2D /* PBXTargetDependency */,
			);
			name = WeatherAppTests;
			productName = WeatherAppTests;
			productReference = 7AEBB1122432B640006C6E2D /* WeatherAppTests.xctest */;
			productType = "com.apple.product-type.bundle.unit-test";
		};
		7AEBB11C2432B640006C6E2D /* WeatherAppUITests */ = {
			isa = PBXNativeTarget;
			buildConfigurationList = 7AEBB12C2432B640006C6E2D /* Build configuration list for PBXNativeTarget "WeatherAppUITests" */;
			buildPhases = (
				7AEBB1192432B640006C6E2D /* Sources */,
				7AEBB11A2432B640006C6E2D /* Frameworks */,
				7AEBB11B2432B640006C6E2D /* Resources */,
			);
			buildRules = (
			);
			dependencies = (
				7AEBB11F2432B640006C6E2D /* PBXTargetDependency */,
			);
			name = WeatherAppUITests;
			productName = WeatherAppUITests;
			productReference = 7AEBB11D2432B640006C6E2D /* WeatherAppUITests.xctest */;
			productType = "com.apple.product-type.bundle.ui-testing";
		};
/* End PBXNativeTarget section */

/* Begin PBXProject section */
		7AEBB0F42432B637006C6E2D /* Project object */ = {
			isa = PBXProject;
			attributes = {
				LastSwiftUpdateCheck = 1130;
				LastUpgradeCheck = 1130;
				ORGANIZATIONNAME = "Nancy Badillo";
				TargetAttributes = {
					7AEBB0FB2432B638006C6E2D = {
						CreatedOnToolsVersion = 11.3.1;
					};
					7AEBB1112432B640006C6E2D = {
						CreatedOnToolsVersion = 11.3.1;
						TestTargetID = 7AEBB0FB2432B638006C6E2D;
					};
					7AEBB11C2432B640006C6E2D = {
						CreatedOnToolsVersion = 11.3.1;
						TestTargetID = 7AEBB0FB2432B638006C6E2D;
					};
				};
			};
			buildConfigurationList = 7AEBB0F72432B637006C6E2D /* Build configuration list for PBXProject "WeatherApp" */;
			compatibilityVersion = "Xcode 9.3";
			developmentRegion = en;
			hasScannedForEncodings = 0;
			knownRegions = (
				en,
				Base,
			);
			mainGroup = 7AEBB0F32432B637006C6E2D;
			productRefGroup = 7AEBB0FD2432B638006C6E2D /* Products */;
			projectDirPath = "";
			projectRoot = "";
			targets = (
				7AEBB0FB2432B638006C6E2D /* WeatherApp */,
				7AEBB1112432B640006C6E2D /* WeatherAppTests */,
				7AEBB11C2432B640006C6E2D /* WeatherAppUITests */,
			);
		};
/* End PBXProject section */

/* Begin PBXResourcesBuildPhase section */
		7AEBB0FA2432B638006C6E2D /* Resources */ = {
			isa = PBXResourcesBuildPhase;
			buildActionMask = 2147483647;
			files = (
				7AEBB10C2432B63F006C6E2D /* LaunchScreen.storyboard in Resources */,
				7AEBB1092432B63F006C6E2D /* Assets.xcassets in Resources */,
				7AEBB1072432B638006C6E2D /* Main.storyboard in Resources */,
			);
			runOnlyForDeploymentPostprocessing = 0;
		};
		7AEBB1102432B640006C6E2D /* Resources */ = {
			isa = PBXResourcesBuildPhase;
			buildActionMask = 2147483647;
			files = (
			);
			runOnlyForDeploymentPostprocessing = 0;
		};
		7AEBB11B2432B640006C6E2D /* Resources */ = {
			isa = PBXResourcesBuildPhase;
			buildActionMask = 2147483647;
			files = (
			);
			runOnlyForDeploymentPostprocessing = 0;
		};
/* End PBXResourcesBuildPhase section */

/* Begin PBXSourcesBuildPhase section */
		7AEBB0F82432B638006C6E2D /* Sources */ = {
			isa = PBXSourcesBuildPhase;
			buildActionMask = 2147483647;
			files = (
				7AEBB1352432B791006C6E2D /* WeatherData.swift in Sources */,
				7AEBB1392432B867006C6E2D /* WeatherViewController.swift in Sources */,
				7AEBB1002432B638006C6E2D /* AppDelegate.swift in Sources */,
				7AEBB1332432B77D006C6E2D /* WeatherManager.swift in Sources */,
				7AEBB1372432B79F006C6E2D /* WeatherModel.swift in Sources */,
				7AEBB1022432B638006C6E2D /* SceneDelegate.swift in Sources */,
			);
			runOnlyForDeploymentPostprocessing = 0;
		};
		7AEBB10E2432B640006C6E2D /* Sources */ = {
			isa = PBXSourcesBuildPhase;
			buildActionMask = 2147483647;
			files = (
				7AEBB1172432B640006C6E2D /* WeatherAppTests.swift in Sources */,
			);
			runOnlyForDeploymentPostprocessing = 0;
		};
		7AEBB1192432B640006C6E2D /* Sources */ = {
			isa = PBXSourcesBuildPhase;
			buildActionMask = 2147483647;
			files = (
				7AEBB1222432B640006C6E2D /* WeatherAppUITests.swift in Sources */,
			);
			runOnlyForDeploymentPostprocessing = 0;
		};
/* End PBXSourcesBuildPhase section */

/* Begin PBXTargetDependency section */
		7AEBB1142432B640006C6E2D /* PBXTargetDependency */ = {
			isa = PBXTargetDependency;
			target = 7AEBB0FB2432B638006C6E2D /* WeatherApp */;
			targetProxy = 7AEBB1132432B640006C6E2D /* PBXContainerItemProxy */;
		};
		7AEBB11F2432B640006C6E2D /* PBXTargetDependency */ = {
			isa = PBXTargetDependency;
			target = 7AEBB0FB2432B638006C6E2D /* WeatherApp */;
			targetProxy = 7AEBB11E2432B640006C6E2D /* PBXContainerItemProxy */;
		};
/* End PBXTargetDependency section */

/* Begin PBXVariantGroup section */
		7AEBB1052432B638006C6E2D /* Main.storyboard */ = {
			isa = PBXVariantGroup;
			children = (
				7AEBB1062432B638006C6E2D /* Base */,
			);
			name = Main.storyboard;
			sourceTree = "<group>";
		};
		7AEBB10A2432B63F006C6E2D /* LaunchScreen.storyboard */ = {
			isa = PBXVariantGroup;
			children = (
				7AEBB10B2432B63F006C6E2D /* Base */,
			);
			name = LaunchScreen.storyboard;
			sourceTree = "<group>";
		};
/* End PBXVariantGroup section */

/* Begin XCBuildConfiguration section */
		7AEBB1242432B640006C6E2D /* Debug */ = {
			isa = XCBuildConfiguration;
			buildSettings = {
				ALWAYS_SEARCH_USER_PATHS = NO;
				CLANG_ANALYZER_NONNULL = YES;
				CLANG_ANALYZER_NUMBER_OBJECT_CONVERSION = YES_AGGRESSIVE;
				CLANG_CXX_LANGUAGE_STANDARD = "gnu++14";
				CLANG_CXX_LIBRARY = "libc++";
				CLANG_ENABLE_MODULES = YES;
				CLANG_ENABLE_OBJC_ARC = YES;
				CLANG_ENABLE_OBJC_WEAK = YES;
				CLANG_WARN_BLOCK_CAPTURE_AUTORELEASING = YES;
				CLANG_WARN_BOOL_CONVERSION = YES;
				CLANG_WARN_COMMA = YES;
				CLANG_WARN_CONSTANT_CONVERSION = YES;
				CLANG_WARN_DEPRECATED_OBJC_IMPLEMENTATIONS = YES;
				CLANG_WARN_DIRECT_OBJC_ISA_USAGE = YES_ERROR;
				CLANG_WARN_DOCUMENTATION_COMMENTS = YES;
				CLANG_WARN_EMPTY_BODY = YES;
				CLANG_WARN_ENUM_CONVERSION = YES;
				CLANG_WARN_INFINITE_RECURSION = YES;
				CLANG_WARN_INT_CONVERSION = YES;
				CLANG_WARN_NON_LITERAL_NULL_CONVERSION = YES;
				CLANG_WARN_OBJC_IMPLICIT_RETAIN_SELF = YES;
				CLANG_WARN_OBJC_LITERAL_CONVERSION = YES;
				CLANG_WARN_OBJC_ROOT_CLASS = YES_ERROR;
				CLANG_WARN_RANGE_LOOP_ANALYSIS = YES;
				CLANG_WARN_STRICT_PROTOTYPES = YES;
				CLANG_WARN_SUSPICIOUS_MOVE = YES;
				CLANG_WARN_UNGUARDED_AVAILABILITY = YES_AGGRESSIVE;
				CLANG_WARN_UNREACHABLE_CODE = YES;
				CLANG_WARN__DUPLICATE_METHOD_MATCH = YES;
				COPY_PHASE_STRIP = NO;
				DEBUG_INFORMATION_FORMAT = dwarf;
				ENABLE_STRICT_OBJC_MSGSEND = YES;
				ENABLE_TESTABILITY = YES;
				GCC_C_LANGUAGE_STANDARD = gnu11;
				GCC_DYNAMIC_NO_PIC = NO;
				GCC_NO_COMMON_BLOCKS = YES;
				GCC_OPTIMIZATION_LEVEL = 0;
				GCC_PREPROCESSOR_DEFINITIONS = (
					"DEBUG=1",
					"$(inherited)",
				);
				GCC_WARN_64_TO_32_BIT_CONVERSION = YES;
				GCC_WARN_ABOUT_RETURN_TYPE = YES_ERROR;
				GCC_WARN_UNDECLARED_SELECTOR = YES;
				GCC_WARN_UNINITIALIZED_AUTOS = YES_AGGRESSIVE;
				GCC_WARN_UNUSED_FUNCTION = YES;
				GCC_WARN_UNUSED_VARIABLE = YES;
				IPHONEOS_DEPLOYMENT_TARGET = 13.2;
				MTL_ENABLE_DEBUG_INFO = INCLUDE_SOURCE;
				MTL_FAST_MATH = YES;
				ONLY_ACTIVE_ARCH = YES;
				SDKROOT = iphoneos;
				SWIFT_ACTIVE_COMPILATION_CONDITIONS = DEBUG;
				SWIFT_OPTIMIZATION_LEVEL = "-Onone";
			};
			name = Debug;
		};
		7AEBB1252432B640006C6E2D /* Release */ = {
			isa = XCBuildConfiguration;
			buildSettings = {
				ALWAYS_SEARCH_USER_PATHS = NO;
				CLANG_ANALYZER_NONNULL = YES;
				CLANG_ANALYZER_NUMBER_OBJECT_CONVERSION = YES_AGGRESSIVE;
				CLANG_CXX_LANGUAGE_STANDARD = "gnu++14";
				CLANG_CXX_LIBRARY = "libc++";
				CLANG_ENABLE_MODULES = YES;
				CLANG_ENABLE_OBJC_ARC = YES;
				CLANG_ENABLE_OBJC_WEAK = YES;
				CLANG_WARN_BLOCK_CAPTURE_AUTORELEASING = YES;
				CLANG_WARN_BOOL_CONVERSION = YES;
				CLANG_WARN_COMMA = YES;
				CLANG_WARN_CONSTANT_CONVERSION = YES;
				CLANG_WARN_DEPRECATED_OBJC_IMPLEMENTATIONS = YES;
				CLANG_WARN_DIRECT_OBJC_ISA_USAGE = YES_ERROR;
				CLANG_WARN_DOCUMENTATION_COMMENTS = YES;
				CLANG_WARN_EMPTY_BODY = YES;
				CLANG_WARN_ENUM_CONVERSION = YES;
				CLANG_WARN_INFINITE_RECURSION = YES;
				CLANG_WARN_INT_CONVERSION = YES;
				CLANG_WARN_NON_LITERAL_NULL_CONVERSION = YES;
				CLANG_WARN_OBJC_IMPLICIT_RETAIN_SELF = YES;
				CLANG_WARN_OBJC_LITERAL_CONVERSION = YES;
				CLANG_WARN_OBJC_ROOT_CLASS = YES_ERROR;
				CLANG_WARN_RANGE_LOOP_ANALYSIS = YES;
				CLANG_WARN_STRICT_PROTOTYPES = YES;
				CLANG_WARN_SUSPICIOUS_MOVE = YES;
				CLANG_WARN_UNGUARDED_AVAILABILITY = YES_AGGRESSIVE;
				CLANG_WARN_UNREACHABLE_CODE = YES;
				CLANG_WARN__DUPLICATE_METHOD_MATCH = YES;
				COPY_PHASE_STRIP = NO;
				DEBUG_INFORMATION_FORMAT = "dwarf-with-dsym";
				ENABLE_NS_ASSERTIONS = NO;
				ENABLE_STRICT_OBJC_MSGSEND = YES;
				GCC_C_LANGUAGE_STANDARD = gnu11;
				GCC_NO_COMMON_BLOCKS = YES;
				GCC_WARN_64_TO_32_BIT_CONVERSION = YES;
				GCC_WARN_ABOUT_RETURN_TYPE = YES_ERROR;
				GCC_WARN_UNDECLARED_SELECTOR = YES;
				GCC_WARN_UNINITIALIZED_AUTOS = YES_AGGRESSIVE;
				GCC_WARN_UNUSED_FUNCTION = YES;
				GCC_WARN_UNUSED_VARIABLE = YES;
				IPHONEOS_DEPLOYMENT_TARGET = 13.2;
				MTL_ENABLE_DEBUG_INFO = NO;
				MTL_FAST_MATH = YES;
				SDKROOT = iphoneos;
				SWIFT_COMPILATION_MODE = wholemodule;
				SWIFT_OPTIMIZATION_LEVEL = "-O";
				VALIDATE_PRODUCT = YES;
			};
			name = Release;
		};
		7AEBB1272432B640006C6E2D /* Debug */ = {
			isa = XCBuildConfiguration;
			buildSettings = {
				ASSETCATALOG_COMPILER_APPICON_NAME = AppIcon;
				CODE_SIGN_STYLE = Automatic;
				DEVELOPMENT_TEAM = YP2LW9H3W2;
				INFOPLIST_FILE = WeatherApp/Info.plist;
				LD_RUNPATH_SEARCH_PATHS = (
					"$(inherited)",
					"@executable_path/Frameworks",
				);
				PRODUCT_BUNDLE_IDENTIFIER = com.nancybadillo.Weathrly;
				PRODUCT_NAME = Weathrly;
				SWIFT_VERSION = 5.0;
				TARGETED_DEVICE_FAMILY = "1,2";
			};
			name = Debug;
		};
		7AEBB1282432B640006C6E2D /* Release */ = {
			isa = XCBuildConfiguration;
			buildSettings = {
				ASSETCATALOG_COMPILER_APPICON_NAME = AppIcon;
				CODE_SIGN_STYLE = Automatic;
				DEVELOPMENT_TEAM = YP2LW9H3W2;
				INFOPLIST_FILE = WeatherApp/Info.plist;
				LD_RUNPATH_SEARCH_PATHS = (
					"$(inherited)",
					"@executable_path/Frameworks",
				);
				PRODUCT_BUNDLE_IDENTIFIER = com.nancybadillo.Weathrly;
				PRODUCT_NAME = Weathrly;
				SWIFT_VERSION = 5.0;
				TARGETED_DEVICE_FAMILY = "1,2";
			};
			name = Release;
		};
		7AEBB12A2432B640006C6E2D /* Debug */ = {
			isa = XCBuildConfiguration;
			buildSettings = {
				ALWAYS_EMBED_SWIFT_STANDARD_LIBRARIES = YES;
				BUNDLE_LOADER = "$(TEST_HOST)";
				CODE_SIGN_STYLE = Automatic;
				INFOPLIST_FILE = WeatherAppTests/Info.plist;
				IPHONEOS_DEPLOYMENT_TARGET = 13.2;
				LD_RUNPATH_SEARCH_PATHS = (
					"$(inherited)",
					"@executable_path/Frameworks",
					"@loader_path/Frameworks",
				);
				PRODUCT_BUNDLE_IDENTIFIER = com.nancybadillo.WeatherAppTests;
				PRODUCT_NAME = "$(TARGET_NAME)";
				SWIFT_VERSION = 5.0;
				TARGETED_DEVICE_FAMILY = "1,2";
				TEST_HOST = "$(BUILT_PRODUCTS_DIR)/WeatherApp.app/WeatherApp";
			};
			name = Debug;
		};
		7AEBB12B2432B640006C6E2D /* Release */ = {
			isa = XCBuildConfiguration;
			buildSettings = {
				ALWAYS_EMBED_SWIFT_STANDARD_LIBRARIES = YES;
				BUNDLE_LOADER = "$(TEST_HOST)";
				CODE_SIGN_STYLE = Automatic;
				INFOPLIST_FILE = WeatherAppTests/Info.plist;
				IPHONEOS_DEPLOYMENT_TARGET = 13.2;
				LD_RUNPATH_SEARCH_PATHS = (
					"$(inherited)",
					"@executable_path/Frameworks",
					"@loader_path/Frameworks",
				);
				PRODUCT_BUNDLE_IDENTIFIER = com.nancybadillo.WeatherAppTests;
				PRODUCT_NAME = "$(TARGET_NAME)";
				SWIFT_VERSION = 5.0;
				TARGETED_DEVICE_FAMILY = "1,2";
				TEST_HOST = "$(BUILT_PRODUCTS_DIR)/WeatherApp.app/WeatherApp";
			};
			name = Release;
		};
		7AEBB12D2432B640006C6E2D /* Debug */ = {
			isa = XCBuildConfiguration;
			buildSettings = {
				ALWAYS_EMBED_SWIFT_STANDARD_LIBRARIES = YES;
				CODE_SIGN_STYLE = Automatic;
				INFOPLIST_FILE = WeatherAppUITests/Info.plist;
				LD_RUNPATH_SEARCH_PATHS = (
					"$(inherited)",
					"@executable_path/Frameworks",
					"@loader_path/Frameworks",
				);
				PRODUCT_BUNDLE_IDENTIFIER = com.nancybadillo.WeatherAppUITests;
				PRODUCT_NAME = "$(TARGET_NAME)";
				SWIFT_VERSION = 5.0;
				TARGETED_DEVICE_FAMILY = "1,2";
				TEST_TARGET_NAME = WeatherApp;
			};
			name = Debug;
		};
		7AEBB12E2432B640006C6E2D /* Release */ = {
			isa = XCBuildConfiguration;
			buildSettings = {
				ALWAYS_EMBED_SWIFT_STANDARD_LIBRARIES = YES;
				CODE_SIGN_STYLE = Automatic;
				INFOPLIST_FILE = WeatherAppUITests/Info.plist;
				LD_RUNPATH_SEARCH_PATHS = (
					"$(inherited)",
					"@executable_path/Frameworks",
					"@loader_path/Frameworks",
				);
				PRODUCT_BUNDLE_IDENTIFIER = com.nancybadillo.WeatherAppUITests;
				PRODUCT_NAME = "$(TARGET_NAME)";
				SWIFT_VERSION = 5.0;
				TARGETED_DEVICE_FAMILY = "1,2";
				TEST_TARGET_NAME = WeatherApp;
			};
			name = Release;
		};
/* End XCBuildConfiguration section */

/* Begin XCConfigurationList section */
		7AEBB0F72432B637006C6E2D /* Build configuration list for PBXProject "WeatherApp" */ = {
			isa = XCConfigurationList;
			buildConfigurations = (
				7AEBB1242432B640006C6E2D /* Debug */,
				7AEBB1252432B640006C6E2D /* Release */,
			);
			defaultConfigurationIsVisible = 0;
			defaultConfigurationName = Release;
		};
		7AEBB1262432B640006C6E2D /* Build configuration list for PBXNativeTarget "WeatherApp" */ = {
			isa = XCConfigurationList;
			buildConfigurations = (
				7AEBB1272432B640006C6E2D /* Debug */,
				7AEBB1282432B640006C6E2D /* Release */,
			);
			defaultConfigurationIsVisible = 0;
			defaultConfigurationName = Release;
		};
		7AEBB1292432B640006C6E2D /* Build configuration list for PBXNativeTarget "WeatherAppTests" */ = {
			isa = XCConfigurationList;
			buildConfigurations = (
				7AEBB12A2432B640006C6E2D /* Debug */,
				7AEBB12B2432B640006C6E2D /* Release */,
			);
			defaultConfigurationIsVisible = 0;
			defaultConfigurationName = Release;
		};
		7AEBB12C2432B640006C6E2D /* Build configuration list for PBXNativeTarget "WeatherAppUITests" */ = {
			isa = XCConfigurationList;
			buildConfigurations = (
				7AEBB12D2432B640006C6E2D /* Debug */,
				7AEBB12E2432B640006C6E2D /* Release */,
			);
			defaultConfigurationIsVisible = 0;
			defaultConfigurationName = Release;
		};
/* End XCConfigurationList section */
	};
	rootObject = 7AEBB0F42432B637006C6E2D /* Project object */;
}
